
Microsoft Visual Studio Solution File, Format Version 12.00
Project("{2150E333-8FDC-42A3-9474-1A3956D46DE8}") = "Solution items", "Solution items", "{BB9F867A-473B-4CD0-BE91-FFAAFA5889C1}"
	ProjectSection(SolutionItems) = preProject
		.editorconfig = .editorconfig
		.gitignore = .gitignore
		.github\workflows\main.yml = .github\workflows\main.yml
		Common.Configurations.targets = Common.Configurations.targets
	EndProjectSection
EndProject
Project("{2150E333-8FDC-42A3-9474-1A3956D46DE8}") = "src", "src", "{99B62A09-A534-4323-822F-4DBDB560F770}"
EndProject
Project("{FAE04EC0-301F-11D3-BF4B-00C04F79EFBC}") = "DashboardService", "src\DashboardService\DashboardService.csproj", "{EFF45EBF-5F37-47C0-B593-DD2F3669862A}"
EndProject
Project("{2150E333-8FDC-42A3-9474-1A3956D46DE8}") = "test", "test", "{397B9E44-9797-46F2-A0DC-E70A953B6E8E}"
EndProject
Project("{FAE04EC0-301F-11D3-BF4B-00C04F79EFBC}") = "DashboardService.Broker", "src\DashboardService.Broker\DashboardService.Broker.csproj", "{FC9EE605-8E30-43B4-95D0-08C59B60A675}"
EndProject
Project("{FAE04EC0-301F-11D3-BF4B-00C04F79EFBC}") = "DashboardService.Business", "src\DashboardService.Business\DashboardService.Business.csproj", "{56D9F6AA-0167-4918-BE78-25006C13EF63}"
EndProject
Project("{FAE04EC0-301F-11D3-BF4B-00C04F79EFBC}") = "DashboardService.Data", "src\DashboardService.Data\DashboardService.Data.csproj", "{68C346CE-8C20-4166-94AB-63346421704B}"
EndProject
Project("{FAE04EC0-301F-11D3-BF4B-00C04F79EFBC}") = "DashboardService.Data.Provider", "src\DashboardService.Data.Provider\DashboardService.Data.Provider.csproj", "{AD04C932-065C-4E69-81FB-5594CAA62BDD}"
EndProject
Project("{FAE04EC0-301F-11D3-BF4B-00C04F79EFBC}") = "DashboardService.Data.Provider.MsSql.Ef", "src\DashboardService.Data.Provider.MsSql.Ef\DashboardService.Data.Provider.MsSql.Ef.csproj", "{B936F82E-C414-4280-A809-58EB73A41DC2}"
EndProject
Project("{FAE04EC0-301F-11D3-BF4B-00C04F79EFBC}") = "DashboardService.Mappers", "src\DashboardService.Mappers\DashboardService.Mappers.csproj", "{BDF86C64-19B0-4658-B040-CE2A7E079F0F}"
EndProject
Project("{FAE04EC0-301F-11D3-BF4B-00C04F79EFBC}") = "DashboardService.Models.Db", "src\DashboardService.Models.Db\DashboardService.Models.Db.csproj", "{AAFBA10B-CA4D-48FD-A912-22369234D93F}"
EndProject
Project("{FAE04EC0-301F-11D3-BF4B-00C04F79EFBC}") = "DashboardService.Models.Dto", "src\DashboardService.Models.Dto\DashboardService.Models.Dto.csproj", "{08268D5B-C075-400A-B515-31A8B80CAF42}"
EndProject
Project("{FAE04EC0-301F-11D3-BF4B-00C04F79EFBC}") = "DashboardService.Validation", "src\DashboardService.Validation\DashboardService.Validation.csproj", "{2CB9BB43-42AD-464F-9532-31CA1ABEB17D}"
EndProject
Project("{FAE04EC0-301F-11D3-BF4B-00C04F79EFBC}") = "DashboardService.Validation.UnitTests", "test\DashboardService.Validation.UnitTests\DashboardService.Validation.UnitTests.csproj", "{906B9412-B2C7-448E-9E2C-A3138FBA14EB}"
EndProject
Global
	GlobalSection(SolutionConfigurationPlatforms) = preSolution
		Debug|Any CPU = Debug|Any CPU
		Release|Any CPU = Release|Any CPU
	EndGlobalSection
	GlobalSection(ProjectConfigurationPlatforms) = postSolution
		{EFF45EBF-5F37-47C0-B593-DD2F3669862A}.Debug|Any CPU.ActiveCfg = Debug|Any CPU
		{EFF45EBF-5F37-47C0-B593-DD2F3669862A}.Debug|Any CPU.Build.0 = Debug|Any CPU
		{EFF45EBF-5F37-47C0-B593-DD2F3669862A}.Release|Any CPU.ActiveCfg = Release|Any CPU
		{EFF45EBF-5F37-47C0-B593-DD2F3669862A}.Release|Any CPU.Build.0 = Release|Any CPU
		{FC9EE605-8E30-43B4-95D0-08C59B60A675}.Debug|Any CPU.ActiveCfg = Debug|Any CPU
		{FC9EE605-8E30-43B4-95D0-08C59B60A675}.Debug|Any CPU.Build.0 = Debug|Any CPU
		{FC9EE605-8E30-43B4-95D0-08C59B60A675}.Release|Any CPU.ActiveCfg = Release|Any CPU
		{FC9EE605-8E30-43B4-95D0-08C59B60A675}.Release|Any CPU.Build.0 = Release|Any CPU
		{56D9F6AA-0167-4918-BE78-25006C13EF63}.Debug|Any CPU.ActiveCfg = Debug|Any CPU
		{56D9F6AA-0167-4918-BE78-25006C13EF63}.Debug|Any CPU.Build.0 = Debug|Any CPU
		{56D9F6AA-0167-4918-BE78-25006C13EF63}.Release|Any CPU.ActiveCfg = Release|Any CPU
		{56D9F6AA-0167-4918-BE78-25006C13EF63}.Release|Any CPU.Build.0 = Release|Any CPU
		{68C346CE-8C20-4166-94AB-63346421704B}.Debug|Any CPU.ActiveCfg = Debug|Any CPU
		{68C346CE-8C20-4166-94AB-63346421704B}.Debug|Any CPU.Build.0 = Debug|Any CPU
		{68C346CE-8C20-4166-94AB-63346421704B}.Release|Any CPU.ActiveCfg = Release|Any CPU
		{68C346CE-8C20-4166-94AB-63346421704B}.Release|Any CPU.Build.0 = Release|Any CPU
		{AD04C932-065C-4E69-81FB-5594CAA62BDD}.Debug|Any CPU.ActiveCfg = Debug|Any CPU
		{AD04C932-065C-4E69-81FB-5594CAA62BDD}.Debug|Any CPU.Build.0 = Debug|Any CPU
		{AD04C932-065C-4E69-81FB-5594CAA62BDD}.Release|Any CPU.ActiveCfg = Release|Any CPU
		{AD04C932-065C-4E69-81FB-5594CAA62BDD}.Release|Any CPU.Build.0 = Release|Any CPU
		{B936F82E-C414-4280-A809-58EB73A41DC2}.Debug|Any CPU.ActiveCfg = Debug|Any CPU
		{B936F82E-C414-4280-A809-58EB73A41DC2}.Debug|Any CPU.Build.0 = Debug|Any CPU
		{B936F82E-C414-4280-A809-58EB73A41DC2}.Release|Any CPU.ActiveCfg = Release|Any CPU
		{B936F82E-C414-4280-A809-58EB73A41DC2}.Release|Any CPU.Build.0 = Release|Any CPU
		{BDF86C64-19B0-4658-B040-CE2A7E079F0F}.Debug|Any CPU.ActiveCfg = Debug|Any CPU
		{BDF86C64-19B0-4658-B040-CE2A7E079F0F}.Debug|Any CPU.Build.0 = Debug|Any CPU
		{BDF86C64-19B0-4658-B040-CE2A7E079F0F}.Release|Any CPU.ActiveCfg = Release|Any CPU
		{BDF86C64-19B0-4658-B040-CE2A7E079F0F}.Release|Any CPU.Build.0 = Release|Any CPU
		{AAFBA10B-CA4D-48FD-A912-22369234D93F}.Debug|Any CPU.ActiveCfg = Debug|Any CPU
		{AAFBA10B-CA4D-48FD-A912-22369234D93F}.Debug|Any CPU.Build.0 = Debug|Any CPU
		{AAFBA10B-CA4D-48FD-A912-22369234D93F}.Release|Any CPU.ActiveCfg = Release|Any CPU
		{AAFBA10B-CA4D-48FD-A912-22369234D93F}.Release|Any CPU.Build.0 = Release|Any CPU
		{08268D5B-C075-400A-B515-31A8B80CAF42}.Debug|Any CPU.ActiveCfg = Debug|Any CPU
		{08268D5B-C075-400A-B515-31A8B80CAF42}.Debug|Any CPU.Build.0 = Debug|Any CPU
		{08268D5B-C075-400A-B515-31A8B80CAF42}.Release|Any CPU.ActiveCfg = Release|Any CPU
		{08268D5B-C075-400A-B515-31A8B80CAF42}.Release|Any CPU.Build.0 = Release|Any CPU
		{2CB9BB43-42AD-464F-9532-31CA1ABEB17D}.Debug|Any CPU.ActiveCfg = Debug|Any CPU
		{2CB9BB43-42AD-464F-9532-31CA1ABEB17D}.Debug|Any CPU.Build.0 = Debug|Any CPU
		{2CB9BB43-42AD-464F-9532-31CA1ABEB17D}.Release|Any CPU.ActiveCfg = Release|Any CPU
		{2CB9BB43-42AD-464F-9532-31CA1ABEB17D}.Release|Any CPU.Build.0 = Release|Any CPU
		{906B9412-B2C7-448E-9E2C-A3138FBA14EB}.Debug|Any CPU.ActiveCfg = Debug|Any CPU
		{906B9412-B2C7-448E-9E2C-A3138FBA14EB}.Debug|Any CPU.Build.0 = Debug|Any CPU
		{906B9412-B2C7-448E-9E2C-A3138FBA14EB}.Release|Any CPU.ActiveCfg = Release|Any CPU
		{906B9412-B2C7-448E-9E2C-A3138FBA14EB}.Release|Any CPU.Build.0 = Release|Any CPU
	EndGlobalSection
	GlobalSection(NestedProjects) = preSolution
		{EFF45EBF-5F37-47C0-B593-DD2F3669862A} = {99B62A09-A534-4323-822F-4DBDB560F770}
		{FC9EE605-8E30-43B4-95D0-08C59B60A675} = {99B62A09-A534-4323-822F-4DBDB560F770}
		{56D9F6AA-0167-4918-BE78-25006C13EF63} = {99B62A09-A534-4323-822F-4DBDB560F770}
		{68C346CE-8C20-4166-94AB-63346421704B} = {99B62A09-A534-4323-822F-4DBDB560F770}
		{AD04C932-065C-4E69-81FB-5594CAA62BDD} = {99B62A09-A534-4323-822F-4DBDB560F770}
		{B936F82E-C414-4280-A809-58EB73A41DC2} = {99B62A09-A534-4323-822F-4DBDB560F770}
		{BDF86C64-19B0-4658-B040-CE2A7E079F0F} = {99B62A09-A534-4323-822F-4DBDB560F770}
		{AAFBA10B-CA4D-48FD-A912-22369234D93F} = {99B62A09-A534-4323-822F-4DBDB560F770}
		{08268D5B-C075-400A-B515-31A8B80CAF42} = {99B62A09-A534-4323-822F-4DBDB560F770}
		{2CB9BB43-42AD-464F-9532-31CA1ABEB17D} = {99B62A09-A534-4323-822F-4DBDB560F770}
		{906B9412-B2C7-448E-9E2C-A3138FBA14EB} = {397B9E44-9797-46F2-A0DC-E70A953B6E8E}
	EndGlobalSection
EndGlobal
